// !$*UTF8*$!
{
	archiveVersion = 1;
	classes = {
	};
	objectVersion = 56;
	objects = {

/* Begin PBXBuildFile section */
		969F5DB52C25400D0024F473 /* ExpenseTrackerApp.swift in Sources */ = {isa = PBXBuildFile; fileRef = 969F5DB42C25400D0024F473 /* ExpenseTrackerApp.swift */; };
		969F5DB72C25400D0024F473 /* ContentView.swift in Sources */ = {isa = PBXBuildFile; fileRef = 969F5DB62C25400D0024F473 /* ContentView.swift */; };
		969F5DB92C25400E0024F473 /* Assets.xcassets in Resources */ = {isa = PBXBuildFile; fileRef = 969F5DB82C25400E0024F473 /* Assets.xcassets */; };
		969F5DBC2C25400E0024F473 /* Preview Assets.xcassets in Resources */ = {isa = PBXBuildFile; fileRef = 969F5DBB2C25400E0024F473 /* Preview Assets.xcassets */; };
		969F5DC32C25DA390024F473 /* Extensions.swift in Sources */ = {isa = PBXBuildFile; fileRef = 969F5DC22C25DA390024F473 /* Extensions.swift */; };
		969F5DC62C2A72870024F473 /* TransactionModel.swift in Sources */ = {isa = PBXBuildFile; fileRef = 969F5DC52C2A72870024F473 /* TransactionModel.swift */; };
		969F5DC82C2A74450024F473 /* PreviewData.swift in Sources */ = {isa = PBXBuildFile; fileRef = 969F5DC72C2A74440024F473 /* PreviewData.swift */; };
		969F5DCC2C2A758A0024F473 /* TransactionRow.swift in Sources */ = {isa = PBXBuildFile; fileRef = 969F5DCB2C2A758A0024F473 /* TransactionRow.swift */; };
		969F5DCF2C3F29390024F473 /* SwiftUIFontIcon in Frameworks */ = {isa = PBXBuildFile; productRef = 969F5DCE2C3F29390024F473 /* SwiftUIFontIcon */; };
		969F5DD12C3F45340024F473 /* TransactionListViewModel.swift in Sources */ = {isa = PBXBuildFile; fileRef = 969F5DD02C3F45340024F473 /* TransactionListViewModel.swift */; };
		969F5DD52C3F4E360024F473 /* RecentTransactionList.swift in Sources */ = {isa = PBXBuildFile; fileRef = 969F5DD42C3F4E360024F473 /* RecentTransactionList.swift */; };
		969F5DD72C41A1950024F473 /* TransactionList.swift in Sources */ = {isa = PBXBuildFile; fileRef = 969F5DD62C41A1950024F473 /* TransactionList.swift */; };
		969F5DDA2C41D9C00024F473 /* Collections in Frameworks */ = {isa = PBXBuildFile; productRef = 969F5DD92C41D9C00024F473 /* Collections */; };
		969F5DE02C4364DE0024F473 /* SwiftUICharts in Frameworks */ = {isa = PBXBuildFile; productRef = 969F5DDF2C4364DE0024F473 /* SwiftUICharts */; };
/* End PBXBuildFile section */

/* Begin PBXFileReference section */
		969F5DB12C25400D0024F473 /* ExpenseTracker.app */ = {isa = PBXFileReference; explicitFileType = wrapper.application; includeInIndex = 0; path = ExpenseTracker.app; sourceTree = BUILT_PRODUCTS_DIR; };
		969F5DB42C25400D0024F473 /* ExpenseTrackerApp.swift */ = {isa = PBXFileReference; lastKnownFileType = sourcecode.swift; path = ExpenseTrackerApp.swift; sourceTree = "<group>"; };
		969F5DB62C25400D0024F473 /* ContentView.swift */ = {isa = PBXFileReference; lastKnownFileType = sourcecode.swift; path = ContentView.swift; sourceTree = "<group>"; };
		969F5DB82C25400E0024F473 /* Assets.xcassets */ = {isa = PBXFileReference; lastKnownFileType = folder.assetcatalog; path = Assets.xcassets; sourceTree = "<group>"; };
		969F5DBB2C25400E0024F473 /* Preview Assets.xcassets */ = {isa = PBXFileReference; lastKnownFileType = folder.assetcatalog; path = "Preview Assets.xcassets"; sourceTree = "<group>"; };
		969F5DC22C25DA390024F473 /* Extensions.swift */ = {isa = PBXFileReference; lastKnownFileType = sourcecode.swift; path = Extensions.swift; sourceTree = "<group>"; };
		969F5DC52C2A72870024F473 /* TransactionModel.swift */ = {isa = PBXFileReference; lastKnownFileType = sourcecode.swift; path = TransactionModel.swift; sourceTree = "<group>"; };
		969F5DC72C2A74440024F473 /* PreviewData.swift */ = {isa = PBXFileReference; lastKnownFileType = sourcecode.swift; path = PreviewData.swift; sourceTree = "<group>"; };
		969F5DCB2C2A758A0024F473 /* TransactionRow.swift */ = {isa = PBXFileReference; lastKnownFileType = sourcecode.swift; path = TransactionRow.swift; sourceTree = "<group>"; };
		969F5DD02C3F45340024F473 /* TransactionListViewModel.swift */ = {isa = PBXFileReference; lastKnownFileType = sourcecode.swift; path = TransactionListViewModel.swift; sourceTree = "<group>"; };
		969F5DD42C3F4E360024F473 /* RecentTransactionList.swift */ = {isa = PBXFileReference; lastKnownFileType = sourcecode.swift; path = RecentTransactionList.swift; sourceTree = "<group>"; };
		969F5DD62C41A1950024F473 /* TransactionList.swift */ = {isa = PBXFileReference; lastKnownFileType = sourcecode.swift; path = TransactionList.swift; sourceTree = "<group>"; };
/* End PBXFileReference section */

/* Begin PBXFrameworksBuildPhase section */
		969F5DAE2C25400C0024F473 /* Frameworks */ = {
			isa = PBXFrameworksBuildPhase;
			buildActionMask = 2147483647;
			files = (
				969F5DE02C4364DE0024F473 /* SwiftUICharts in Frameworks */,
				969F5DDA2C41D9C00024F473 /* Collections in Frameworks */,
				969F5DCF2C3F29390024F473 /* SwiftUIFontIcon in Frameworks */,
			);
			runOnlyForDeploymentPostprocessing = 0;
		};
/* End PBXFrameworksBuildPhase section */

/* Begin PBXGroup section */
		969F5DA82C25400C0024F473 = {
			isa = PBXGroup;
			children = (
				969F5DB32C25400D0024F473 /* ExpenseTracker */,
				969F5DB22C25400D0024F473 /* Products */,
			);
			sourceTree = "<group>";
		};
		969F5DB22C25400D0024F473 /* Products */ = {
			isa = PBXGroup;
			children = (
				969F5DB12C25400D0024F473 /* ExpenseTracker.app */,
			);
			name = Products;
			sourceTree = "<group>";
		};
		969F5DB32C25400D0024F473 /* ExpenseTracker */ = {
			isa = PBXGroup;
			children = (
				969F5DB42C25400D0024F473 /* ExpenseTrackerApp.swift */,
				969F5DB62C25400D0024F473 /* ContentView.swift */,
				969F5DD42C3F4E360024F473 /* RecentTransactionList.swift */,
				969F5DD62C41A1950024F473 /* TransactionList.swift */,
				969F5DCB2C2A758A0024F473 /* TransactionRow.swift */,
				969F5DD02C3F45340024F473 /* TransactionListViewModel.swift */,
				969F5DC52C2A72870024F473 /* TransactionModel.swift */,
				969F5DC22C25DA390024F473 /* Extensions.swift */,
				969F5DB82C25400E0024F473 /* Assets.xcassets */,
				969F5DBA2C25400E0024F473 /* Preview Content */,
			);
			path = ExpenseTracker;
			sourceTree = "<group>";
		};
		969F5DBA2C25400E0024F473 /* Preview Content */ = {
			isa = PBXGroup;
			children = (
				969F5DBB2C25400E0024F473 /* Preview Assets.xcassets */,
				969F5DC72C2A74440024F473 /* PreviewData.swift */,
			);
			path = "Preview Content";
			sourceTree = "<group>";
		};
/* End PBXGroup section */

/* Begin PBXNativeTarget section */
		969F5DB02C25400C0024F473 /* ExpenseTracker */ = {
			isa = PBXNativeTarget;
			buildConfigurationList = 969F5DBF2C25400E0024F473 /* Build configuration list for PBXNativeTarget "ExpenseTracker" */;
			buildPhases = (
				969F5DAD2C25400C0024F473 /* Sources */,
				969F5DAE2C25400C0024F473 /* Frameworks */,
				969F5DAF2C25400C0024F473 /* Resources */,
			);
			buildRules = (
			);
			dependencies = (
			);
			name = ExpenseTracker;
			packageProductDependencies = (
				969F5DCE2C3F29390024F473 /* SwiftUIFontIcon */,
				969F5DD92C41D9C00024F473 /* Collections */,
				969F5DDF2C4364DE0024F473 /* SwiftUICharts */,
			);
			productName = ExpenseTracker;
			productReference = 969F5DB12C25400D0024F473 /* ExpenseTracker.app */;
			productType = "com.apple.product-type.application";
		};
/* End PBXNativeTarget section */

/* Begin PBXProject section */
		969F5DA92C25400C0024F473 /* Project object */ = {
			isa = PBXProject;
			attributes = {
				BuildIndependentTargetsInParallel = 1;
				LastSwiftUpdateCheck = 1530;
				LastUpgradeCheck = 1530;
				TargetAttributes = {
					969F5DB02C25400C0024F473 = {
						CreatedOnToolsVersion = 15.3;
					};
				};
			};
			buildConfigurationList = 969F5DAC2C25400C0024F473 /* Build configuration list for PBXProject "ExpenseTracker" */;
			compatibilityVersion = "Xcode 14.0";
			developmentRegion = en;
			hasScannedForEncodings = 0;
			knownRegions = (
				en,
				Base,
			);
			mainGroup = 969F5DA82C25400C0024F473;
			packageReferences = (
				969F5DCD2C3F29390024F473 /* XCRemoteSwiftPackageReference "SwiftUIFontIcon" */,
				969F5DD82C41D9C00024F473 /* XCRemoteSwiftPackageReference "swift-collections" */,
				969F5DDE2C4364DE0024F473 /* XCRemoteSwiftPackageReference "ChartView" */,
			);
			productRefGroup = 969F5DB22C25400D0024F473 /* Products */;
			projectDirPath = "";
			projectRoot = "";
			targets = (
				969F5DB02C25400C0024F473 /* ExpenseTracker */,
			);
		};
/* End PBXProject section */

/* Begin PBXResourcesBuildPhase section */
		969F5DAF2C25400C0024F473 /* Resources */ = {
			isa = PBXResourcesBuildPhase;
			buildActionMask = 2147483647;
			files = (
				969F5DBC2C25400E0024F473 /* Preview Assets.xcassets in Resources */,
				969F5DB92C25400E0024F473 /* Assets.xcassets in Resources */,
			);
			runOnlyForDeploymentPostprocessing = 0;
		};
/* End PBXResourcesBuildPhase section */

/* Begin PBXSourcesBuildPhase section */
		969F5DAD2C25400C0024F473 /* Sources */ = {
			isa = PBXSourcesBuildPhase;
			buildActionMask = 2147483647;
			files = (
				969F5DC82C2A74450024F473 /* PreviewData.swift in Sources */,
				969F5DD72C41A1950024F473 /* TransactionList.swift in Sources */,
				969F5DD52C3F4E360024F473 /* RecentTransactionList.swift in Sources */,
				969F5DC62C2A72870024F473 /* TransactionModel.swift in Sources */,
				969F5DB72C25400D0024F473 /* ContentView.swift in Sources */,
				969F5DCC2C2A758A0024F473 /* TransactionRow.swift in Sources */,
				969F5DC32C25DA390024F473 /* Extensions.swift in Sources */,
				969F5DD12C3F45340024F473 /* TransactionListViewModel.swift in Sources */,
				969F5DB52C25400D0024F473 /* ExpenseTrackerApp.swift in Sources */,
			);
			runOnlyForDeploymentPostprocessing = 0;
		};
/* End PBXSourcesBuildPhase section */

/* Begin XCBuildConfiguration section */
		969F5DBD2C25400E0024F473 /* Debug */ = {
			isa = XCBuildConfiguration;
			buildSettings = {
				ALWAYS_SEARCH_USER_PATHS = NO;
				ASSETCATALOG_COMPILER_GENERATE_SWIFT_ASSET_SYMBOL_EXTENSIONS = YES;
				CLANG_ANALYZER_NONNULL = YES;
				CLANG_ANALYZER_NUMBER_OBJECT_CONVERSION = YES_AGGRESSIVE;
				CLANG_CXX_LANGUAGE_STANDARD = "gnu++20";
				CLANG_ENABLE_MODULES = YES;
				CLANG_ENABLE_OBJC_ARC = YES;
				CLANG_ENABLE_OBJC_WEAK = YES;
				CLANG_WARN_BLOCK_CAPTURE_AUTORELEASING = YES;
				CLANG_WARN_BOOL_CONVERSION = YES;
				CLANG_WARN_COMMA = YES;
				CLANG_WARN_CONSTANT_CONVERSION = YES;
				CLANG_WARN_DEPRECATED_OBJC_IMPLEMENTATIONS = YES;
				CLANG_WARN_DIRECT_OBJC_ISA_USAGE = YES_ERROR;
				CLANG_WARN_DOCUMENTATION_COMMENTS = YES;
				CLANG_WARN_EMPTY_BODY = YES;
				CLANG_WARN_ENUM_CONVERSION = YES;
				CLANG_WARN_INFINITE_RECURSION = YES;
				CLANG_WARN_INT_CONVERSION = YES;
				CLANG_WARN_NON_LITERAL_NULL_CONVERSION = YES;
				CLANG_WARN_OBJC_IMPLICIT_RETAIN_SELF = YES;
				CLANG_WARN_OBJC_LITERAL_CONVERSION = YES;
				CLANG_WARN_OBJC_ROOT_CLASS = YES_ERROR;
				CLANG_WARN_QUOTED_INCLUDE_IN_FRAMEWORK_HEADER = YES;
				CLANG_WARN_RANGE_LOOP_ANALYSIS = YES;
				CLANG_WARN_STRICT_PROTOTYPES = YES;
				CLANG_WARN_SUSPICIOUS_MOVE = YES;
				CLANG_WARN_UNGUARDED_AVAILABILITY = YES_AGGRESSIVE;
				CLANG_WARN_UNREACHABLE_CODE = YES;
				CLANG_WARN__DUPLICATE_METHOD_MATCH = YES;
				COPY_PHASE_STRIP = NO;
				DEBUG_INFORMATION_FORMAT = dwarf;
				ENABLE_STRICT_OBJC_MSGSEND = YES;
				ENABLE_TESTABILITY = YES;
				ENABLE_USER_SCRIPT_SANDBOXING = YES;
				GCC_C_LANGUAGE_STANDARD = gnu17;
				GCC_DYNAMIC_NO_PIC = NO;
				GCC_NO_COMMON_BLOCKS = YES;
				GCC_OPTIMIZATION_LEVEL = 0;
				GCC_PREPROCESSOR_DEFINITIONS = (
					"DEBUG=1",
					"$(inherited)",
				);
				GCC_WARN_64_TO_32_BIT_CONVERSION = YES;
				GCC_WARN_ABOUT_RETURN_TYPE = YES_ERROR;
				GCC_WARN_UNDECLARED_SELECTOR = YES;
				GCC_WARN_UNINITIALIZED_AUTOS = YES_AGGRESSIVE;
				GCC_WARN_UNUSED_FUNCTION = YES;
				GCC_WARN_UNUSED_VARIABLE = YES;
				IPHONEOS_DEPLOYMENT_TARGET = 17.4;
				LOCALIZATION_PREFERS_STRING_CATALOGS = YES;
				MTL_ENABLE_DEBUG_INFO = INCLUDE_SOURCE;
				MTL_FAST_MATH = YES;
				ONLY_ACTIVE_ARCH = YES;
				SDKROOT = iphoneos;
				SWIFT_ACTIVE_COMPILATION_CONDITIONS = "DEBUG $(inherited)";
				SWIFT_OPTIMIZATION_LEVEL = "-Onone";
			};
			name = Debug;
		};
		969F5DBE2C25400E0024F473 /* Release */ = {
			isa = XCBuildConfiguration;
			buildSettings = {
				ALWAYS_SEARCH_USER_PATHS = NO;
				ASSETCATALOG_COMPILER_GENERATE_SWIFT_ASSET_SYMBOL_EXTENSIONS = YES;
				CLANG_ANALYZER_NONNULL = YES;
				CLANG_ANALYZER_NUMBER_OBJECT_CONVERSION = YES_AGGRESSIVE;
				CLANG_CXX_LANGUAGE_STANDARD = "gnu++20";
				CLANG_ENABLE_MODULES = YES;
				CLANG_ENABLE_OBJC_ARC = YES;
				CLANG_ENABLE_OBJC_WEAK = YES;
				CLANG_WARN_BLOCK_CAPTURE_AUTORELEASING = YES;
				CLANG_WARN_BOOL_CONVERSION = YES;
				CLANG_WARN_COMMA = YES;
				CLANG_WARN_CONSTANT_CONVERSION = YES;
				CLANG_WARN_DEPRECATED_OBJC_IMPLEMENTATIONS = YES;
				CLANG_WARN_DIRECT_OBJC_ISA_USAGE = YES_ERROR;
				CLANG_WARN_DOCUMENTATION_COMMENTS = YES;
				CLANG_WARN_EMPTY_BODY = YES;
				CLANG_WARN_ENUM_CONVERSION = YES;
				CLANG_WARN_INFINITE_RECURSION = YES;
				CLANG_WARN_INT_CONVERSION = YES;
				CLANG_WARN_NON_LITERAL_NULL_CONVERSION = YES;
				CLANG_WARN_OBJC_IMPLICIT_RETAIN_SELF = YES;
				CLANG_WARN_OBJC_LITERAL_CONVERSION = YES;
				CLANG_WARN_OBJC_ROOT_CLASS = YES_ERROR;
				CLANG_WARN_QUOTED_INCLUDE_IN_FRAMEWORK_HEADER = YES;
				CLANG_WARN_RANGE_LOOP_ANALYSIS = YES;
				CLANG_WARN_STRICT_PROTOTYPES = YES;
				CLANG_WARN_SUSPICIOUS_MOVE = YES;
				CLANG_WARN_UNGUARDED_AVAILABILITY = YES_AGGRESSIVE;
				CLANG_WARN_UNREACHABLE_CODE = YES;
				CLANG_WARN__DUPLICATE_METHOD_MATCH = YES;
				COPY_PHASE_STRIP = NO;
				DEBUG_INFORMATION_FORMAT = "dwarf-with-dsym";
				ENABLE_NS_ASSERTIONS = NO;
				ENABLE_STRICT_OBJC_MSGSEND = YES;
				ENABLE_USER_SCRIPT_SANDBOXING = YES;
				GCC_C_LANGUAGE_STANDARD = gnu17;
				GCC_NO_COMMON_BLOCKS = YES;
				GCC_WARN_64_TO_32_BIT_CONVERSION = YES;
				GCC_WARN_ABOUT_RETURN_TYPE = YES_ERROR;
				GCC_WARN_UNDECLARED_SELECTOR = YES;
				GCC_WARN_UNINITIALIZED_AUTOS = YES_AGGRESSIVE;
				GCC_WARN_UNUSED_FUNCTION = YES;
				GCC_WARN_UNUSED_VARIABLE = YES;
				IPHONEOS_DEPLOYMENT_TARGET = 17.4;
				LOCALIZATION_PREFERS_STRING_CATALOGS = YES;
				MTL_ENABLE_DEBUG_INFO = NO;
				MTL_FAST_MATH = YES;
				SDKROOT = iphoneos;
				SWIFT_COMPILATION_MODE = wholemodule;
				VALIDATE_PRODUCT = YES;
			};
			name = Release;
		};
		969F5DC02C25400E0024F473 /* Debug */ = {
			isa = XCBuildConfiguration;
			buildSettings = {
				ASSETCATALOG_COMPILER_APPICON_NAME = AppIcon;
				ASSETCATALOG_COMPILER_GLOBAL_ACCENT_COLOR_NAME = AccentColor;
				CODE_SIGN_STYLE = Automatic;
				CURRENT_PROJECT_VERSION = 1;
				DEVELOPMENT_ASSET_PATHS = "\"ExpenseTracker/Preview Content\"";
				ENABLE_PREVIEWS = YES;
				GENERATE_INFOPLIST_FILE = YES;
				INFOPLIST_KEY_UIApplicationSceneManifest_Generation = YES;
				INFOPLIST_KEY_UIApplicationSupportsIndirectInputEvents = YES;
				INFOPLIST_KEY_UILaunchScreen_Generation = YES;
				INFOPLIST_KEY_UISupportedInterfaceOrientations_iPad = "UIInterfaceOrientationPortrait UIInterfaceOrientationPortraitUpsideDown UIInterfaceOrientationLandscapeLeft UIInterfaceOrientationLandscapeRight";
				INFOPLIST_KEY_UISupportedInterfaceOrientations_iPhone = "UIInterfaceOrientationPortrait UIInterfaceOrientationLandscapeLeft UIInterfaceOrientationLandscapeRight";
				LD_RUNPATH_SEARCH_PATHS = (
					"$(inherited)",
					"@executable_path/Frameworks",
				);
				MARKETING_VERSION = 1.0;
				PRODUCT_BUNDLE_IDENTIFIER = com.owais.ExpenseTracker;
				PRODUCT_NAME = "$(TARGET_NAME)";
				SWIFT_EMIT_LOC_STRINGS = YES;
				SWIFT_VERSION = 5.0;
				TARGETED_DEVICE_FAMILY = "1,2";
			};
			name = Debug;
		};
		969F5DC12C25400E0024F473 /* Release */ = {
			isa = XCBuildConfiguration;
			buildSettings = {
				ASSETCATALOG_COMPILER_APPICON_NAME = AppIcon;
				ASSETCATALOG_COMPILER_GLOBAL_ACCENT_COLOR_NAME = AccentColor;
				CODE_SIGN_STYLE = Automatic;
				CURRENT_PROJECT_VERSION = 1;
				DEVELOPMENT_ASSET_PATHS = "\"ExpenseTracker/Preview Content\"";
				ENABLE_PREVIEWS = YES;
				GENERATE_INFOPLIST_FILE = YES;
				INFOPLIST_KEY_UIApplicationSceneManifest_Generation = YES;
				INFOPLIST_KEY_UIApplicationSupportsIndirectInputEvents = YES;
				INFOPLIST_KEY_UILaunchScreen_Generation = YES;
				INFOPLIST_KEY_UISupportedInterfaceOrientations_iPad = "UIInterfaceOrientationPortrait UIInterfaceOrientationPortraitUpsideDown UIInterfaceOrientationLandscapeLeft UIInterfaceOrientationLandscapeRight";
				INFOPLIST_KEY_UISupportedInterfaceOrientations_iPhone = "UIInterfaceOrientationPortrait UIInterfaceOrientationLandscapeLeft UIInterfaceOrientationLandscapeRight";
				LD_RUNPATH_SEARCH_PATHS = (
					"$(inherited)",
					"@executable_path/Frameworks",
				);
				MARKETING_VERSION = 1.0;
				PRODUCT_BUNDLE_IDENTIFIER = com.owais.ExpenseTracker;
				PRODUCT_NAME = "$(TARGET_NAME)";
				SWIFT_EMIT_LOC_STRINGS = YES;
				SWIFT_VERSION = 5.0;
				TARGETED_DEVICE_FAMILY = "1,2";
			};
			name = Release;
		};
/* End XCBuildConfiguration section */

/* Begin XCConfigurationList section */
		969F5DAC2C25400C0024F473 /* Build configuration list for PBXProject "ExpenseTracker" */ = {
			isa = XCConfigurationList;
			buildConfigurations = (
				969F5DBD2C25400E0024F473 /* Debug */,
				969F5DBE2C25400E0024F473 /* Release */,
			);
			defaultConfigurationIsVisible = 0;
			defaultConfigurationName = Release;
		};
		969F5DBF2C25400E0024F473 /* Build configuration list for PBXNativeTarget "ExpenseTracker" */ = {
			isa = XCConfigurationList;
			buildConfigurations = (
				969F5DC02C25400E0024F473 /* Debug */,
				969F5DC12C25400E0024F473 /* Release */,
			);
			defaultConfigurationIsVisible = 0;
			defaultConfigurationName = Release;
		};
/* End XCConfigurationList section */

/* Begin XCRemoteSwiftPackageReference section */
		969F5DCD2C3F29390024F473 /* XCRemoteSwiftPackageReference "SwiftUIFontIcon" */ = {
			isa = XCRemoteSwiftPackageReference;
			repositoryURL = "https://github.com/huybuidac/SwiftUIFontIcon";
			requirement = {
				branch = master;
				kind = branch;
			};
		};
		969F5DD82C41D9C00024F473 /* XCRemoteSwiftPackageReference "swift-collections" */ = {
			isa = XCRemoteSwiftPackageReference;
			repositoryURL = "https://github.com/apple/swift-collections.git";
			requirement = {
				kind = upToNextMajorVersion;
				minimumVersion = 1.1.2;
			};
		};
		969F5DDE2C4364DE0024F473 /* XCRemoteSwiftPackageReference "ChartView" */ = {
			isa = XCRemoteSwiftPackageReference;
			repositoryURL = "https://github.com/AppPear/ChartView";
			requirement = {
				kind = exactVersion;
				version = "2.0.0-beta.2";
			};
		};
/* End XCRemoteSwiftPackageReference section */

/* Begin XCSwiftPackageProductDependency section */
		969F5DCE2C3F29390024F473 /* SwiftUIFontIcon */ = {
			isa = XCSwiftPackageProductDependency;
			package = 969F5DCD2C3F29390024F473 /* XCRemoteSwiftPackageReference "SwiftUIFontIcon" */;
			productName = SwiftUIFontIcon;
		};
		969F5DD92C41D9C00024F473 /* Collections */ = {
			isa = XCSwiftPackageProductDependency;
			package = 969F5DD82C41D9C00024F473 /* XCRemoteSwiftPackageReference "swift-collections" */;
			productName = Collections;
		};
		969F5DDF2C4364DE0024F473 /* SwiftUICharts */ = {
			isa = XCSwiftPackageProductDependency;
			package = 969F5DDE2C4364DE0024F473 /* XCRemoteSwiftPackageReference "ChartView" */;
			productName = SwiftUICharts;
		};
/* End XCSwiftPackageProductDependency section */
	};
	rootObject = 969F5DA92C25400C0024F473 /* Project object */;
}
